{
    "_meta": {
        "hash": {
            "sha256": "e82c0025273edad3e0772e10c72f93914c5618309d1ee8f6acdaa2a18c63799f"
        },
        "pipfile-spec": 6,
        "requires": {
            "python_version": "3.10.5"
        },
        "sources": [
            {
                "name": "pypi",
                "url": "https://pypi.org/simple",
                "verify_ssl": true
            }
        ]
    },
    "default": {
        "alabaster": {
            "hashes": [
                "sha256:446438bdcca0e05bd45ea2de1668c1d9b032e1a9154c2c259092d77031ddd359",
                "sha256:a661d72d58e6ea8a57f7a86e37d86716863ee5e92788398526d58b26a4e4dc02"
            ],
            "version": "==0.7.12"
        },
        "asgiref": {
            "hashes": [
                "sha256:1d2880b792ae8757289136f1db2b7b99100ce959b2aa57fd69dab783d05afac4",
                "sha256:4a29362a6acebe09bf1d6640db38c1dc3d9217c68e6f9f6204d72667fc19a424"
            ],
            "markers": "python_version >= '3.7'",
            "version": "==3.5.2"
        },
        "babel": {
            "hashes": [
                "sha256:7614553711ee97490f732126dc077f8d0ae084ebc6a96e23db1482afabdb2c51",
                "sha256:ff56f4892c1c4bf0d814575ea23471c230d544203c7748e8c68f0089478d48eb"
            ],
            "markers": "python_version >= '3.6'",
            "version": "==2.10.3"
        },
        "certifi": {
            "hashes": [
                "sha256:84c85a9078b11105f04f3036a9482ae10e4621616db313fe045dd24743a0820d",
                "sha256:fe86415d55e84719d75f8b69414f6438ac3547d2078ab91b67e779ef69378412"
            ],
            "markers": "python_version >= '3.6'",
            "version": "==2022.6.15"
        },
        "charset-normalizer": {
            "hashes": [
                "sha256:5a3d016c7c547f69d6f81fb0db9449ce888b418b5b9952cc5e6e66843e9dd845",
                "sha256:83e9a75d1911279afd89352c68b45348559d1fc0506b054b346651b5e7fee29f"
            ],
            "markers": "python_version >= '3.6'",
            "version": "==2.1.1"
        },
        "colorama": {
            "hashes": [
                "sha256:854bf444933e37f5824ae7bfc1e98d5bce2ebe4160d46b5edf346a89358e99da",
                "sha256:e6c6b4334fc50988a639d9b98aa429a0b57da6e17b9a44f0451f930b6967b7a4"
            ],
            "markers": "sys_platform == 'win32'",
            "version": "==0.4.5"
        },
        "crispy-bootstrap5": {
            "hashes": [
                "sha256:ca5d2afc2a5d1cf12b8d057886a81002cdf7793afcbe0ce006c2294069c1f387",
                "sha256:e8c50daaf266d6127c7414f5669d5f2467b640d08b045ed9dd57e351d30609ae"
            ],
            "index": "pypi",
            "version": "==0.6"
        },
        "django": {
            "hashes": [
                "sha256:031ccb717782f6af83a0063a1957686e87cb4581ea61b47b3e9addf60687989a",
                "sha256:032f8a6fc7cf05ccd1214e4a2e21dfcd6a23b9d575c6573cacc8c67828dbe642"
            ],
            "index": "pypi",
            "version": "==4.1"
        },
        "django-autocomplete-light": {
            "hashes": [
                "sha256:0f6da75c1c7186698b867a467a8cdb359f0513fdd8e09288a0c2fb018ae3d94e"
            ],
            "index": "pypi",
            "version": "==3.9.4"
        },
        "django-bootstrap5": {
            "hashes": [
                "sha256:70b51f020ef95a64780a0b5d5fdb1fade6e7b5e26c53355cc4f3648eca239cab",
                "sha256:cf3f257abf750f19e47eddc106066ddb182576185494965d1408eddcb3a7380b"
            ],
            "index": "pypi",
            "version": "==22.1"
        },
        "django-crispy-forms": {
            "hashes": [
                "sha256:35887b8851a931374dd697207a8f56c57a9c5cb9dbf0b9fa54314da5666cea5b",
                "sha256:bc4d2037f6de602d39c0bc452ac3029d1f5d65e88458872cc4dbc01c3a400604"
            ],
            "index": "pypi",
            "version": "==1.14.0"
        },
        "django-extensions": {
            "hashes": [
                "sha256:4c234a7236e9e41c17d9036f6dae7a3a9b212527105b8a0d24b2459b267825f0",
                "sha256:7dc7cd1da50d83b76447a58f5d7e5c8e6cd83f21e9b7e5f97e6b644f4d4e21a6"
            ],
            "index": "pypi",
            "version": "==3.2.0"
        },
        "django-widget-tweaks": {
            "hashes": [
                "sha256:9bfc5c705684754a83cc81da328b39ad1b80f32bd0f4340e2a810cbab4b0c00e",
                "sha256:fe6b17d5d595c63331f300917980db2afcf71f240ab9341b954aea8f45d25b9a"
            ],
            "index": "pypi",
            "version": "==1.4.12"
        },
        "docutils": {
            "hashes": [
                "sha256:686577d2e4c32380bb50cbb22f575ed742d58168cee37e99117a854bcd88f125",
                "sha256:cf316c8370a737a022b72b56874f6602acf974a37a9fba42ec2876387549fc61"
            ],
            "markers": "python_version >= '2.7' and python_version not in '3.0, 3.1, 3.2, 3.3, 3.4'",
            "version": "==0.17.1"
        },
        "idna": {
            "hashes": [
                "sha256:84d9dd047ffa80596e0f246e2eab0b391788b0503584e8945f2368256d2735ff",
                "sha256:9d643ff0a55b762d5cdb124b8eaa99c66322e2157b69160bc32796e824360e6d"
            ],
            "markers": "python_version >= '3.5'",
            "version": "==3.3"
        },
        "imagesize": {
            "hashes": [
                "sha256:0d8d18d08f840c19d0ee7ca1fd82490fdc3729b7ac93f49870406ddde8ef8d8b",
                "sha256:69150444affb9cb0d5cc5a92b3676f0b2fb7cd9ae39e947a5e11a36b4497cd4a"
            ],
            "markers": "python_version >= '2.7' and python_version not in '3.0, 3.1, 3.2, 3.3'",
            "version": "==1.4.1"
        },
        "jinja2": {
            "hashes": [
                "sha256:31351a702a408a9e7595a8fc6150fc3f43bb6bf7e319770cbc0db9df9437e852",
                "sha256:6088930bfe239f0e6710546ab9c19c9ef35e29792895fed6e6e31a023a182a61"
            ],
            "markers": "python_version >= '3.7'",
            "version": "==3.1.2"
        },
        "livereload": {
            "hashes": [
                "sha256:776f2f865e59fde56490a56bcc6773b6917366bce0c267c60ee8aaf1a0959869"
            ],
            "version": "==2.6.3"
        },
        "markupsafe": {
            "hashes": [
                "sha256:0212a68688482dc52b2d45013df70d169f542b7394fc744c02a57374a4207003",
                "sha256:089cf3dbf0cd6c100f02945abeb18484bd1ee57a079aefd52cffd17fba910b88",
                "sha256:10c1bfff05d95783da83491be968e8fe789263689c02724e0c691933c52994f5",
                "sha256:33b74d289bd2f5e527beadcaa3f401e0df0a89927c1559c8566c066fa4248ab7",
                "sha256:3799351e2336dc91ea70b034983ee71cf2f9533cdff7c14c90ea126bfd95d65a",
                "sha256:3ce11ee3f23f79dbd06fb3d63e2f6af7b12db1d46932fe7bd8afa259a5996603",
                "sha256:421be9fbf0ffe9ffd7a378aafebbf6f4602d564d34be190fc19a193232fd12b1",
                "sha256:43093fb83d8343aac0b1baa75516da6092f58f41200907ef92448ecab8825135",
                "sha256:46d00d6cfecdde84d40e572d63735ef81423ad31184100411e6e3388d405e247",
                "sha256:4a33dea2b688b3190ee12bd7cfa29d39c9ed176bda40bfa11099a3ce5d3a7ac6",
                "sha256:4b9fe39a2ccc108a4accc2676e77da025ce383c108593d65cc909add5c3bd601",
                "sha256:56442863ed2b06d19c37f94d999035e15ee982988920e12a5b4ba29b62ad1f77",
                "sha256:671cd1187ed5e62818414afe79ed29da836dde67166a9fac6d435873c44fdd02",
                "sha256:694deca8d702d5db21ec83983ce0bb4b26a578e71fbdbd4fdcd387daa90e4d5e",
                "sha256:6a074d34ee7a5ce3effbc526b7083ec9731bb3cbf921bbe1d3005d4d2bdb3a63",
                "sha256:6d0072fea50feec76a4c418096652f2c3238eaa014b2f94aeb1d56a66b41403f",
                "sha256:6fbf47b5d3728c6aea2abb0589b5d30459e369baa772e0f37a0320185e87c980",
                "sha256:7f91197cc9e48f989d12e4e6fbc46495c446636dfc81b9ccf50bb0ec74b91d4b",
                "sha256:86b1f75c4e7c2ac2ccdaec2b9022845dbb81880ca318bb7a0a01fbf7813e3812",
                "sha256:8dc1c72a69aa7e082593c4a203dcf94ddb74bb5c8a731e4e1eb68d031e8498ff",
                "sha256:8e3dcf21f367459434c18e71b2a9532d96547aef8a871872a5bd69a715c15f96",
                "sha256:8e576a51ad59e4bfaac456023a78f6b5e6e7651dcd383bcc3e18d06f9b55d6d1",
                "sha256:96e37a3dc86e80bf81758c152fe66dbf60ed5eca3d26305edf01892257049925",
                "sha256:97a68e6ada378df82bc9f16b800ab77cbf4b2fada0081794318520138c088e4a",
                "sha256:99a2a507ed3ac881b975a2976d59f38c19386d128e7a9a18b7df6fff1fd4c1d6",
                "sha256:a49907dd8420c5685cfa064a1335b6754b74541bbb3706c259c02ed65b644b3e",
                "sha256:b09bf97215625a311f669476f44b8b318b075847b49316d3e28c08e41a7a573f",
                "sha256:b7bd98b796e2b6553da7225aeb61f447f80a1ca64f41d83612e6139ca5213aa4",
                "sha256:b87db4360013327109564f0e591bd2a3b318547bcef31b468a92ee504d07ae4f",
                "sha256:bcb3ed405ed3222f9904899563d6fc492ff75cce56cba05e32eff40e6acbeaa3",
                "sha256:d4306c36ca495956b6d568d276ac11fdd9c30a36f1b6eb928070dc5360b22e1c",
                "sha256:d5ee4f386140395a2c818d149221149c54849dfcfcb9f1debfe07a8b8bd63f9a",
                "sha256:dda30ba7e87fbbb7eab1ec9f58678558fd9a6b8b853530e176eabd064da81417",
                "sha256:e04e26803c9c3851c931eac40c695602c6295b8d432cbe78609649ad9bd2da8a",
                "sha256:e1c0b87e09fa55a220f058d1d49d3fb8df88fbfab58558f1198e08c1e1de842a",
                "sha256:e72591e9ecd94d7feb70c1cbd7be7b3ebea3f548870aa91e2732960fa4d57a37",
                "sha256:e8c843bbcda3a2f1e3c2ab25913c80a3c5376cd00c6e8c4a86a89a28c8dc5452",
                "sha256:efc1913fd2ca4f334418481c7e595c00aad186563bbc1ec76067848c7ca0a933",
                "sha256:f121a1420d4e173a5d96e47e9a0c0dcff965afdf1626d28de1460815f7c4ee7a",
                "sha256:fc7b548b17d238737688817ab67deebb30e8073c95749d55538ed473130ec0c7"
            ],
            "markers": "python_version >= '3.7'",
            "version": "==2.1.1"
        },
        "numpy": {
            "hashes": [
                "sha256:17e5226674f6ea79e14e3b91bfbc153fdf3ac13f5cc54ee7bc8fdbe820a32da0",
                "sha256:2bd879d3ca4b6f39b7770829f73278b7c5e248c91d538aab1e506c628353e47f",
                "sha256:4f41f5bf20d9a521f8cab3a34557cd77b6f205ab2116651f12959714494268b0",
                "sha256:5593f67e66dea4e237f5af998d31a43e447786b2154ba1ad833676c788f37cde",
                "sha256:5e28cd64624dc2354a349152599e55308eb6ca95a13ce6a7d5679ebff2962913",
                "sha256:633679a472934b1c20a12ed0c9a6c9eb167fbb4cb89031939bfd03dd9dbc62b8",
                "sha256:806970e69106556d1dd200e26647e9bee5e2b3f1814f9da104a943e8d548ca38",
                "sha256:806cc25d5c43e240db709875e947076b2826f47c2c340a5a2f36da5bb10c58d6",
                "sha256:8247f01c4721479e482cc2f9f7d973f3f47810cbc8c65e38fd1bbd3141cc9842",
                "sha256:8ebf7e194b89bc66b78475bd3624d92980fca4e5bb86dda08d677d786fefc414",
                "sha256:8ecb818231afe5f0f568c81f12ce50f2b828ff2b27487520d85eb44c71313b9e",
                "sha256:8f9d84a24889ebb4c641a9b99e54adb8cab50972f0166a3abc14c3b93163f074",
                "sha256:909c56c4d4341ec8315291a105169d8aae732cfb4c250fbc375a1efb7a844f8f",
                "sha256:9b83d48e464f393d46e8dd8171687394d39bc5abfe2978896b77dc2604e8635d",
                "sha256:ac987b35df8c2a2eab495ee206658117e9ce867acf3ccb376a19e83070e69418",
                "sha256:b78d00e48261fbbd04aa0d7427cf78d18401ee0abd89c7559bbf422e5b1c7d01",
                "sha256:b8b97a8a87cadcd3f94659b4ef6ec056261fa1e1c3317f4193ac231d4df70215",
                "sha256:bd5b7ccae24e3d8501ee5563e82febc1771e73bd268eef82a1e8d2b4d556ae66",
                "sha256:bdc02c0235b261925102b1bd586579b7158e9d0d07ecb61148a1799214a4afd5",
                "sha256:be6b350dfbc7f708d9d853663772a9310783ea58f6035eec649fb9c4371b5389",
                "sha256:c403c81bb8ffb1c993d0165a11493fd4bf1353d258f6997b3ee288b0a48fce77",
                "sha256:cf8c6aed12a935abf2e290860af8e77b26a042eb7f2582ff83dc7ed5f963340c",
                "sha256:d98addfd3c8728ee8b2c49126f3c44c703e2b005d4a95998e2167af176a9e722",
                "sha256:dc76bca1ca98f4b122114435f83f1fcf3c0fe48e4e6f660e07996abf2f53903c",
                "sha256:dec198619b7dbd6db58603cd256e092bcadef22a796f778bf87f8592b468441d",
                "sha256:df28dda02c9328e122661f399f7655cdcbcf22ea42daa3650a26bce08a187450",
                "sha256:e603ca1fb47b913942f3e660a15e55a9ebca906857edfea476ae5f0fe9b457d5",
                "sha256:ecfdd68d334a6b97472ed032b5b37a30d8217c097acfff15e8452c710e775524"
            ],
            "markers": "python_version >= '3.10'",
            "version": "==1.23.2"
        },
        "packaging": {
            "hashes": [
                "sha256:dd47c42927d89ab911e606518907cc2d3a1f38bbd026385970643f9c5b8ecfeb",
                "sha256:ef103e05f519cdc783ae24ea4e2e0f508a9c99b2d4969652eed6a2e1ea5bd522"
            ],
            "markers": "python_version >= '3.6'",
            "version": "==21.3"
        },
        "pandas": {
            "hashes": [
                "sha256:07238a58d7cbc8a004855ade7b75bbd22c0db4b0ffccc721556bab8a095515f6",
                "sha256:0daf876dba6c622154b2e6741f29e87161f844e64f84801554f879d27ba63c0d",
                "sha256:16ad23db55efcc93fa878f7837267973b61ea85d244fc5ff0ccbcfa5638706c5",
                "sha256:1d9382f72a4f0e93909feece6fef5500e838ce1c355a581b3d8f259839f2ea76",
                "sha256:24ea75f47bbd5574675dae21d51779a4948715416413b30614c1e8b480909f81",
                "sha256:2893e923472a5e090c2d5e8db83e8f907364ec048572084c7d10ef93546be6d1",
                "sha256:2ff7788468e75917574f080cd4681b27e1a7bf36461fe968b49a87b5a54d007c",
                "sha256:41fc406e374590a3d492325b889a2686b31e7a7780bec83db2512988550dadbf",
                "sha256:48350592665ea3cbcd07efc8c12ff12d89be09cd47231c7925e3b8afada9d50d",
                "sha256:605d572126eb4ab2eadf5c59d5d69f0608df2bf7bcad5c5880a47a20a0699e3e",
                "sha256:6dfbf16b1ea4f4d0ee11084d9c026340514d1d30270eaa82a9f1297b6c8ecbf0",
                "sha256:6f803320c9da732cc79210d7e8cc5c8019aad512589c910c66529eb1b1818230",
                "sha256:721a3dd2f06ef942f83a819c0f3f6a648b2830b191a72bbe9451bcd49c3bd42e",
                "sha256:755679c49460bd0d2f837ab99f0a26948e68fa0718b7e42afbabd074d945bf84",
                "sha256:78b00429161ccb0da252229bcda8010b445c4bf924e721265bec5a6e96a92e92",
                "sha256:958a0588149190c22cdebbc0797e01972950c927a11a900fe6c2296f207b1d6f",
                "sha256:a3924692160e3d847e18702bb048dc38e0e13411d2b503fecb1adf0fcf950ba4",
                "sha256:d51674ed8e2551ef7773820ef5dab9322be0828629f2cbf8d1fc31a0c4fed640",
                "sha256:d5ebc990bd34f4ac3c73a2724c2dcc9ee7bf1ce6cf08e87bb25c6ad33507e318",
                "sha256:d6c0106415ff1a10c326c49bc5dd9ea8b9897a6ca0c8688eb9c30ddec49535ef",
                "sha256:e48fbb64165cda451c06a0f9e4c7a16b534fcabd32546d531b3c240ce2844112"
            ],
            "index": "pypi",
            "version": "==1.4.3"
        },
        "psycopg2": {
            "hashes": [
                "sha256:06f32425949bd5fe8f625c49f17ebb9784e1e4fe928b7cce72edc36fb68e4c0c",
                "sha256:0762c27d018edbcb2d34d51596e4346c983bd27c330218c56c4dc25ef7e819bf",
                "sha256:083707a696e5e1c330af2508d8fab36f9700b26621ccbcb538abe22e15485362",
                "sha256:34b33e0162cfcaad151f249c2649fd1030010c16f4bbc40a604c1cb77173dcf7",
                "sha256:4295093a6ae3434d33ec6baab4ca5512a5082cc43c0505293087b8a46d108461",
                "sha256:8cf3878353cc04b053822896bc4922b194792df9df2f1ad8da01fb3043602126",
                "sha256:8e841d1bf3434da985cc5ef13e6f75c8981ced601fd70cc6bf33351b91562981",
                "sha256:9572e08b50aed176ef6d66f15a21d823bb6f6d23152d35e8451d7d2d18fdac56",
                "sha256:a81e3866f99382dfe8c15a151f1ca5fde5815fde879348fe5a9884a7c092a305",
                "sha256:cb10d44e6694d763fa1078a26f7f6137d69f555a78ec85dc2ef716c37447e4b2",
                "sha256:d3ca6421b942f60c008f81a3541e8faf6865a28d5a9b48544b0ee4f40cac7fca"
            ],
            "index": "pypi",
            "version": "==2.9.3"
        },
        "pygments": {
            "hashes": [
                "sha256:56a8508ae95f98e2b9bdf93a6be5ae3f7d8af858b43e02c5a2ff083726be40c1",
                "sha256:f643f331ab57ba3c9d89212ee4a2dabc6e94f117cf4eefde99a0574720d14c42"
            ],
            "markers": "python_version >= '3.6'",
            "version": "==2.13.0"
        },
        "pyparsing": {
            "hashes": [
                "sha256:2b020ecf7d21b687f219b71ecad3631f644a47f01403fa1d1036b0c6416d70fb",
                "sha256:5026bae9a10eeaefb61dab2f09052b9f4307d44aee4eda64b309723d8d206bbc"
            ],
            "markers": "python_full_version >= '3.6.8'",
            "version": "==3.0.9"
        },
        "python-dateutil": {
            "hashes": [
                "sha256:0123cacc1627ae19ddf3c27a5de5bd67ee4586fbdd6440d9748f8abb483d3e86",
                "sha256:961d03dc3453ebbc59dbdea9e4e11c5651520a876d0f4db161e8674aae935da9"
            ],
            "markers": "python_version >= '2.7' and python_version not in '3.0, 3.1, 3.2, 3.3'",
            "version": "==2.8.2"
        },
        "pytz": {
            "hashes": [
                "sha256:220f481bdafa09c3955dfbdddb7b57780e9a94f5127e35456a48589b9e0c0197",
                "sha256:cea221417204f2d1a2aa03ddae3e867921971d0d76f14d87abb4414415bbdcf5"
            ],
            "version": "==2022.2.1"
        },
        "requests": {
            "hashes": [
                "sha256:7c5599b102feddaa661c826c56ab4fee28bfd17f5abca1ebbe3e7f19d7c97983",
                "sha256:8fefa2a1a1365bf5520aac41836fbee479da67864514bdb821f31ce07ce65349"
            ],
            "markers": "python_version >= '3.7' and python_version < '4'",
            "version": "==2.28.1"
        },
        "six": {
            "hashes": [
                "sha256:1e61c37477a1626458e36f7b1d82aa5c9b094fa4802892072e49de9c60c4c926",
                "sha256:8abb2f1d86890a2dfb989f9a77cfcfd3e47c2a354b01111771326f8aa26e0254"
            ],
            "markers": "python_version >= '2.7' and python_version not in '3.0, 3.1, 3.2, 3.3'",
            "version": "==1.16.0"
        },
        "snowballstemmer": {
            "hashes": [
                "sha256:09b16deb8547d3412ad7b590689584cd0fe25ec8db3be37788be3810cbf19cb1",
                "sha256:c8e1716e83cc398ae16824e5572ae04e0d9fc2c6b985fb0f900f5f0c96ecba1a"
            ],
            "version": "==2.2.0"
        },
        "sphinx": {
            "hashes": [
                "sha256:309a8da80cb6da9f4713438e5b55861877d5d7976b69d87e336733637ea12693",
                "sha256:ba3224a4e206e1fbdecf98a4fae4992ef9b24b85ebf7b584bb340156eaf08d89"
            ],
            "index": "pypi",
            "version": "==5.1.1"
        },
        "sphinx-autobuild": {
            "hashes": [
                "sha256:8fe8cbfdb75db04475232f05187c776f46f6e9e04cacf1e49ce81bdac649ccac",
                "sha256:de1ca3b66e271d2b5b5140c35034c89e47f263f2cd5db302c9217065f7443f05"
            ],
            "index": "pypi",
            "version": "==2021.3.14"
        },
        "sphinx-rtd-theme": {
            "hashes": [
                "sha256:4d35a56f4508cfee4c4fb604373ede6feae2a306731d533f409ef5c3496fdbd8",
                "sha256:eec6d497e4c2195fa0e8b2016b337532b8a699a68bcb22a512870e16925c6a5c"
            ],
            "index": "pypi",
            "version": "==1.0.0"
        },
        "sphinxcontrib-applehelp": {
            "hashes": [
                "sha256:806111e5e962be97c29ec4c1e7fe277bfd19e9652fb1a4392105b43e01af885a",
                "sha256:a072735ec80e7675e3f432fcae8610ecf509c5f1869d17e2eecff44389cdbc58"
            ],
            "markers": "python_version >= '3.5'",
            "version": "==1.0.2"
        },
        "sphinxcontrib-devhelp": {
            "hashes": [
                "sha256:8165223f9a335cc1af7ffe1ed31d2871f325254c0423bc0c4c7cd1c1e4734a2e",
                "sha256:ff7f1afa7b9642e7060379360a67e9c41e8f3121f2ce9164266f61b9f4b338e4"
            ],
            "markers": "python_version >= '3.5'",
            "version": "==1.0.2"
        },
        "sphinxcontrib-htmlhelp": {
            "hashes": [
                "sha256:d412243dfb797ae3ec2b59eca0e52dac12e75a241bf0e4eb861e450d06c6ed07",
                "sha256:f5f8bb2d0d629f398bf47d0d69c07bc13b65f75a81ad9e2f71a63d4b7a2f6db2"
            ],
            "markers": "python_version >= '3.6'",
            "version": "==2.0.0"
        },
        "sphinxcontrib-jsmath": {
            "hashes": [
                "sha256:2ec2eaebfb78f3f2078e73666b1415417a116cc848b72e5172e596c871103178",
                "sha256:a9925e4a4587247ed2191a22df5f6970656cb8ca2bd6284309578f2153e0c4b8"
            ],
            "markers": "python_version >= '3.5'",
            "version": "==1.0.1"
        },
        "sphinxcontrib-qthelp": {
            "hashes": [
                "sha256:4c33767ee058b70dba89a6fc5c1892c0d57a54be67ddd3e7875a18d14cba5a72",
                "sha256:bd9fc24bcb748a8d51fd4ecaade681350aa63009a347a8c14e637895444dfab6"
            ],
            "markers": "python_version >= '3.5'",
            "version": "==1.0.3"
        },
        "sphinxcontrib-serializinghtml": {
            "hashes": [
                "sha256:352a9a00ae864471d3a7ead8d7d79f5fc0b57e8b3f95e9867eb9eb28999b92fd",
                "sha256:aa5f6de5dfdf809ef505c4895e51ef5c9eac17d0f287933eb49ec495280b6952"
            ],
            "markers": "python_version >= '3.5'",
            "version": "==1.1.5"
        },
        "sqlparse": {
            "hashes": [
                "sha256:0c00730c74263a94e5a9919ade150dfc3b19c574389985446148402998287dae",
                "sha256:48719e356bb8b42991bdbb1e8b83223757b93789c00910a616a071910ca4a64d"
            ],
            "markers": "python_version >= '3.5'",
            "version": "==0.4.2"
        },
        "tornado": {
            "hashes": [
                "sha256:1d54d13ab8414ed44de07efecb97d4ef7c39f7438cf5e976ccd356bebb1b5fca",
                "sha256:20f638fd8cc85f3cbae3c732326e96addff0a15e22d80f049e00121651e82e72",
                "sha256:5c87076709343557ef8032934ce5f637dbb552efa7b21d08e89ae7619ed0eb23",
                "sha256:5f8c52d219d4995388119af7ccaa0bcec289535747620116a58d830e7c25d8a8",
                "sha256:6fdfabffd8dfcb6cf887428849d30cf19a3ea34c2c248461e1f7d718ad30b66b",
                "sha256:87dcafae3e884462f90c90ecc200defe5e580a7fbbb4365eda7c7c1eb809ebc9",
                "sha256:9b630419bde84ec666bfd7ea0a4cb2a8a651c2d5cccdbdd1972a0c859dfc3c13",
                "sha256:b8150f721c101abdef99073bf66d3903e292d851bee51910839831caba341a75",
                "sha256:ba09ef14ca9893954244fd872798b4ccb2367c165946ce2dd7376aebdde8e3ac",
                "sha256:d3a2f5999215a3a06a4fc218026cd84c61b8b2b40ac5296a6db1f1451ef04c1e",
                "sha256:e5f923aa6a47e133d1cf87d60700889d7eae68988704e20c75fb2d65677a8e4b"
            ],
            "markers": "python_version > '2.7'",
            "version": "==6.2"
        },
        "tzdata": {
            "hashes": [
                "sha256:21f4f0d7241572efa7f7a4fdabb052e61b55dc48274e6842697ccdf5253e5451",
                "sha256:c3119520447d68ef3eb8187a55a4f44fa455f30eb1b4238fa5691ba094f2b05b"
            ],
            "markers": "sys_platform == 'win32'",
            "version": "==2022.2"
        },
        "urllib3": {
            "hashes": [
                "sha256:3fa96cf423e6987997fc326ae8df396db2a8b7c667747d47ddd8ecba91f4a74e",
                "sha256:b930dd878d5a8afb066a637fbb35144fe7901e3b209d1cd4f524bd0e9deee997"
            ],
            "markers": "python_version >= '2.7' and python_version not in '3.0, 3.1, 3.2, 3.3, 3.4, 3.5' and python_version < '4'",
            "version": "==1.26.12"
        }
    },
    "develop": {
        "pydot": {
            "hashes": [
                "sha256:248081a39bcb56784deb018977e428605c1c758f10897a339fce1dd728ff007d",
                "sha256:66c98190c65b8d2e2382a441b4c0edfdb4f4c025ef9cb9874de478fb0793a451"
            ],
            "index": "pypi",
            "version": "==1.4.2"
        },
        "pyparsing": {
            "hashes": [
                "sha256:2b020ecf7d21b687f219b71ecad3631f644a47f01403fa1d1036b0c6416d70fb",
                "sha256:5026bae9a10eeaefb61dab2f09052b9f4307d44aee4eda64b309723d8d206bbc"
            ],
            "markers": "python_full_version >= '3.6.8'",
            "version": "==3.0.9"
        }
    }
}
